
Microsoft Visual Studio Solution File, Format Version 12.00
# Visual Studio Version 17
VisualStudioVersion = 17.4.33122.133
MinimumVisualStudioVersion = 10.0.40219.1
Project("{FAE04EC0-301F-11D3-BF4B-00C04F79EFBC}") = "EDApp", "EDApp\EDApp.csproj", "{66E62A52-DE9D-4C70-8BF6-BEFD223AB359}"
EndProject
Global
	GlobalSection(SolutionConfigurationPlatforms) = preSolution
		Debug|Any CPU = Debug|Any CPU
		Release|Any CPU = Release|Any CPU
	EndGlobalSection
	GlobalSection(ProjectConfigurationPlatforms) = postSolution
		{66E62A52-DE9D-4C70-8BF6-BEFD223AB359}.Debug|Any CPU.ActiveCfg = Debug|Any CPU
		{66E62A52-DE9D-4C70-8BF6-BEFD223AB359}.Debug|Any CPU.Build.0 = Debug|Any CPU
		{66E62A52-DE9D-4C70-8BF6-BEFD223AB359}.Release|Any CPU.ActiveCfg = Release|Any CPU
		{66E62A52-DE9D-4C70-8BF6-BEFD223AB359}.Release|Any CPU.Build.0 = Release|Any CPU
	EndGlobalSection
	GlobalSection(SolutionProperties) = preSolution
		HideSolutionNode = FALSE
	EndGlobalSection
	GlobalSection(ExtensibilityGlobals) = postSolution
		SolutionGuid = {23B2FF1D-86C8-4380-8E69-CE68EC3D7EB5}
	EndGlobalSection
EndGlobal
